
Microsoft Visual Studio Solution File, Format Version 12.00
# Visual Studio Version 16
VisualStudioVersion = 16.0.30204.135
MinimumVisualStudioVersion = 10.0.40219.1
Project("{FAE04EC0-301F-11D3-BF4B-00C04F79EFBC}") = "Price Scraper", "Price Scraper\Price Scraper.csproj", "{CD8ABF24-B948-4DE2-8AFC-C8A24DC1110D}"
EndProject
Global
	GlobalSection(SolutionConfigurationPlatforms) = preSolution
		Debug|Any CPU = Debug|Any CPU
		Release|Any CPU = Release|Any CPU
	EndGlobalSection
	GlobalSection(ProjectConfigurationPlatforms) = postSolution
		{CD8ABF24-B948-4DE2-8AFC-C8A24DC1110D}.Debug|Any CPU.ActiveCfg = Debug|Any CPU
		{CD8ABF24-B948-4DE2-8AFC-C8A24DC1110D}.Debug|Any CPU.Build.0 = Debug|Any CPU
		{CD8ABF24-B948-4DE2-8AFC-C8A24DC1110D}.Release|Any CPU.ActiveCfg = Release|Any CPU
		{CD8ABF24-B948-4DE2-8AFC-C8A24DC1110D}.Release|Any CPU.Build.0 = Release|Any CPU
	EndGlobalSection
	GlobalSection(SolutionProperties) = preSolution
		HideSolutionNode = FALSE
	EndGlobalSection
	GlobalSection(ExtensibilityGlobals) = postSolution
		SolutionGuid = {E5DC17CD-C8E3-46F1-B490-B5D442733B5C}
	EndGlobalSection
EndGlobal
