
Microsoft Visual Studio Solution File, Format Version 12.00
# Visual Studio Version 16
VisualStudioVersion = 16.0.30204.135
MinimumVisualStudioVersion = 10.0.40219.1
Project("{9A19103F-16F7-4668-BE54-9A1E7A4F7556}") = "ElevatorSim", "Elevator\ElevatorSim.csproj", "{4EABC6C6-94F0-4244-8696-9E764422C056}"
EndProject
Global
	GlobalSection(SolutionConfigurationPlatforms) = preSolution
		Debug|Any CPU = Debug|Any CPU
		Release|Any CPU = Release|Any CPU
	EndGlobalSection
	GlobalSection(ProjectConfigurationPlatforms) = postSolution
		{4EABC6C6-94F0-4244-8696-9E764422C056}.Debug|Any CPU.ActiveCfg = Debug|Any CPU
		{4EABC6C6-94F0-4244-8696-9E764422C056}.Debug|Any CPU.Build.0 = Debug|Any CPU
		{4EABC6C6-94F0-4244-8696-9E764422C056}.Release|Any CPU.ActiveCfg = Release|Any CPU
		{4EABC6C6-94F0-4244-8696-9E764422C056}.Release|Any CPU.Build.0 = Release|Any CPU
	EndGlobalSection
	GlobalSection(SolutionProperties) = preSolution
		HideSolutionNode = FALSE
	EndGlobalSection
	GlobalSection(ExtensibilityGlobals) = postSolution
		SolutionGuid = {95BE6C85-7211-4D59-870C-301DDF03DA64}
	EndGlobalSection
EndGlobal
